--- 
dependencies: 
  rr: 
    group: 
    - :test
    version: ">= 0"
  haml: 
    group: 
    - :default
    version: ">= 0"
  dm-yaml-adapter: 
    group: 
    - :default
    version: ">= 0"
  rspec: 
    group: 
    - :test
    version: ">= 0"
  sinatra: 
    group: 
    - :default
    version: ">= 0"
  shout-bot: 
    group: 
    - :default
    version: ">= 0"
specs: 
- addressable: 
    version: 2.1.1
- dm-yaml-adapter: 
    version: "0.7"
- haml: 
    version: 2.2.22
- rack: 
    version: 1.1.0
- rr: 
    version: 0.10.11
- rspec: 
    version: 1.3.0
- shout-bot: 
    version: 0.0.4
- sinatra: 
    version: "1.0"
hash: b19e2294e689e4ddffc2213169eab7b6e7696a15
sources: 
- Rubygems: 
    uri: http://gemcutter.org
